// !$*UTF8*$!
{
	archiveVersion = 1;
	classes = {
	};
	objectVersion = 50;
	objects = {

/* Begin PBXBuildFile section */
		5EA3EDBD285A2CE200EA76A7 /* AppDelegate.swift in Sources */ = {isa = PBXBuildFile; fileRef = 5EA3EDBC285A2CE200EA76A7 /* AppDelegate.swift */; };
		5EA3EDBF285A2CE200EA76A7 /* SceneDelegate.swift in Sources */ = {isa = PBXBuildFile; fileRef = 5EA3EDBE285A2CE200EA76A7 /* SceneDelegate.swift */; };
		5EA3EDC1285A2CE200EA76A7 /* ViewController.swift in Sources */ = {isa = PBXBuildFile; fileRef = 5EA3EDC0285A2CE200EA76A7 /* ViewController.swift */; };
		5EA3EDC4285A2CE200EA76A7 /* Main.storyboard in Resources */ = {isa = PBXBuildFile; fileRef = 5EA3EDC2285A2CE200EA76A7 /* Main.storyboard */; };
		5EA3EDC7285A2CE200EA76A7 /* EcoFocus.xcdatamodeld in Sources */ = {isa = PBXBuildFile; fileRef = 5EA3EDC5285A2CE200EA76A7 /* EcoFocus.xcdatamodeld */; };
		5EA3EDC9285A2D6D00EA76A7 /* Assets.xcassets in Resources */ = {isa = PBXBuildFile; fileRef = 5EA3EDC8285A2D6D00EA76A7 /* Assets.xcassets */; };
		5EA3EDCC285A2D6D00EA76A7 /* LaunchScreen.storyboard in Resources */ = {isa = PBXBuildFile; fileRef = 5EA3EDCA285A2D6D00EA76A7 /* LaunchScreen.storyboard */; };
		5EA3EDD7285A2D7000EA76A7 /* EcoFocusTests.swift in Sources */ = {isa = PBXBuildFile; fileRef = 5EA3EDD6285A2D7000EA76A7 /* EcoFocusTests.swift */; };
		5EA3EDE2285A2D7000EA76A7 /* EcoFocusUITests.swift in Sources */ = {isa = PBXBuildFile; fileRef = 5EA3EDE1285A2D7000EA76A7 /* EcoFocusUITests.swift */; };
		5EA3EE3F285C2E6000EA76A7 /* TimerViewController.swift in Sources */ = {isa = PBXBuildFile; fileRef = 5EA3EE3E285C2E5F00EA76A7 /* TimerViewController.swift */; };
		5EA3EE41285C44B200EA76A7 /* ResourcesViewController.swift in Sources */ = {isa = PBXBuildFile; fileRef = 5EA3EE40285C44B100EA76A7 /* ResourcesViewController.swift */; };
		B002A72A285CD3DC00743372 /* AddToDoViewController.swift in Sources */ = {isa = PBXBuildFile; fileRef = B002A729285CD3DC00743372 /* AddToDoViewController.swift */; };
		B002A72C285CD5FD00743372 /* CompleteToDoViewController.swift in Sources */ = {isa = PBXBuildFile; fileRef = B002A72B285CD5FD00743372 /* CompleteToDoViewController.swift */; };
		B05A59E1285B80B4006922DD /* ToDoTableViewController.swift in Sources */ = {isa = PBXBuildFile; fileRef = B05A59E0285B80B4006922DD /* ToDoTableViewController.swift */; };
		B05A59E3285B8265006922DD /* ToDo.swift in Sources */ = {isa = PBXBuildFile; fileRef = B05A59E2285B8265006922DD /* ToDo.swift */; };
		D0FE0292285C111D002612FD /* TableViewController.swift in Sources */ = {isa = PBXBuildFile; fileRef = D0FE0291285C111B002612FD /* TableViewController.swift */; };
/* End PBXBuildFile section */

/* Begin PBXContainerItemProxy section */
		5EA3EDD3285A2D7000EA76A7 /* PBXContainerItemProxy */ = {
			isa = PBXContainerItemProxy;
			containerPortal = 5EA3EDB1285A2CE100EA76A7 /* Project object */;
			proxyType = 1;
			remoteGlobalIDString = 5EA3EDB8285A2CE200EA76A7;
			remoteInfo = EcoFocus;
		};
		5EA3EDDE285A2D7000EA76A7 /* PBXContainerItemProxy */ = {
			isa = PBXContainerItemProxy;
			containerPortal = 5EA3EDB1285A2CE100EA76A7 /* Project object */;
			proxyType = 1;
			remoteGlobalIDString = 5EA3EDB8285A2CE200EA76A7;
			remoteInfo = EcoFocus;
		};
/* End PBXContainerItemProxy section */

/* Begin PBXFileReference section */
		5EA3EDB9285A2CE200EA76A7 /* EcoFocus.app */ = {isa = PBXFileReference; explicitFileType = wrapper.application; includeInIndex = 0; path = EcoFocus.app; sourceTree = BUILT_PRODUCTS_DIR; };
		5EA3EDBC285A2CE200EA76A7 /* AppDelegate.swift */ = {isa = PBXFileReference; lastKnownFileType = sourcecode.swift; path = AppDelegate.swift; sourceTree = "<group>"; };
		5EA3EDBE285A2CE200EA76A7 /* SceneDelegate.swift */ = {isa = PBXFileReference; lastKnownFileType = sourcecode.swift; path = SceneDelegate.swift; sourceTree = "<group>"; };
		5EA3EDC0285A2CE200EA76A7 /* ViewController.swift */ = {isa = PBXFileReference; lastKnownFileType = sourcecode.swift; path = ViewController.swift; sourceTree = "<group>"; };
		5EA3EDC3285A2CE200EA76A7 /* Base */ = {isa = PBXFileReference; lastKnownFileType = file.storyboard; name = Base; path = Base.lproj/Main.storyboard; sourceTree = "<group>"; };
		5EA3EDC6285A2CE200EA76A7 /* EcoFocus.xcdatamodel */ = {isa = PBXFileReference; lastKnownFileType = wrapper.xcdatamodel; path = EcoFocus.xcdatamodel; sourceTree = "<group>"; };
		5EA3EDC8285A2D6D00EA76A7 /* Assets.xcassets */ = {isa = PBXFileReference; lastKnownFileType = folder.assetcatalog; path = Assets.xcassets; sourceTree = "<group>"; };
		5EA3EDCB285A2D6D00EA76A7 /* Base */ = {isa = PBXFileReference; lastKnownFileType = file.storyboard; name = Base; path = Base.lproj/LaunchScreen.storyboard; sourceTree = "<group>"; };
		5EA3EDCD285A2D6D00EA76A7 /* Info.plist */ = {isa = PBXFileReference; lastKnownFileType = text.plist.xml; path = Info.plist; sourceTree = "<group>"; };
		5EA3EDD2285A2D7000EA76A7 /* EcoFocusTests.xctest */ = {isa = PBXFileReference; explicitFileType = wrapper.cfbundle; includeInIndex = 0; path = EcoFocusTests.xctest; sourceTree = BUILT_PRODUCTS_DIR; };
		5EA3EDD6285A2D7000EA76A7 /* EcoFocusTests.swift */ = {isa = PBXFileReference; lastKnownFileType = sourcecode.swift; path = EcoFocusTests.swift; sourceTree = "<group>"; };
		5EA3EDD8285A2D7000EA76A7 /* Info.plist */ = {isa = PBXFileReference; lastKnownFileType = text.plist.xml; path = Info.plist; sourceTree = "<group>"; };
		5EA3EDDD285A2D7000EA76A7 /* EcoFocusUITests.xctest */ = {isa = PBXFileReference; explicitFileType = wrapper.cfbundle; includeInIndex = 0; path = EcoFocusUITests.xctest; sourceTree = BUILT_PRODUCTS_DIR; };
		5EA3EDE1285A2D7000EA76A7 /* EcoFocusUITests.swift */ = {isa = PBXFileReference; lastKnownFileType = sourcecode.swift; path = EcoFocusUITests.swift; sourceTree = "<group>"; };
		5EA3EDE3285A2D7000EA76A7 /* Info.plist */ = {isa = PBXFileReference; lastKnownFileType = text.plist.xml; path = Info.plist; sourceTree = "<group>"; };
		5EA3EE3E285C2E5F00EA76A7 /* TimerViewController.swift */ = {isa = PBXFileReference; lastKnownFileType = sourcecode.swift; path = TimerViewController.swift; sourceTree = "<group>"; };
		5EA3EE40285C44B100EA76A7 /* ResourcesViewController.swift */ = {isa = PBXFileReference; lastKnownFileType = sourcecode.swift; path = ResourcesViewController.swift; sourceTree = "<group>"; };
		B002A729285CD3DC00743372 /* AddToDoViewController.swift */ = {isa = PBXFileReference; lastKnownFileType = sourcecode.swift; path = AddToDoViewController.swift; sourceTree = "<group>"; };
		B002A72B285CD5FD00743372 /* CompleteToDoViewController.swift */ = {isa = PBXFileReference; lastKnownFileType = sourcecode.swift; path = CompleteToDoViewController.swift; sourceTree = "<group>"; };
		B05A59E0285B80B4006922DD /* ToDoTableViewController.swift */ = {isa = PBXFileReference; lastKnownFileType = sourcecode.swift; path = ToDoTableViewController.swift; sourceTree = "<group>"; };
		B05A59E2285B8265006922DD /* ToDo.swift */ = {isa = PBXFileReference; lastKnownFileType = sourcecode.swift; path = ToDo.swift; sourceTree = "<group>"; };
		D0FE0291285C111B002612FD /* TableViewController.swift */ = {isa = PBXFileReference; lastKnownFileType = sourcecode.swift; path = TableViewController.swift; sourceTree = "<group>"; };
/* End PBXFileReference section */

/* Begin PBXFrameworksBuildPhase section */
		5EA3EDB6285A2CE200EA76A7 /* Frameworks */ = {
			isa = PBXFrameworksBuildPhase;
			buildActionMask = 2147483647;
			files = (
			);
			runOnlyForDeploymentPostprocessing = 0;
		};
		5EA3EDCF285A2D7000EA76A7 /* Frameworks */ = {
			isa = PBXFrameworksBuildPhase;
			buildActionMask = 2147483647;
			files = (
			);
			runOnlyForDeploymentPostprocessing = 0;
		};
		5EA3EDDA285A2D7000EA76A7 /* Frameworks */ = {
			isa = PBXFrameworksBuildPhase;
			buildActionMask = 2147483647;
			files = (
			);
			runOnlyForDeploymentPostprocessing = 0;
		};
/* End PBXFrameworksBuildPhase section */

/* Begin PBXGroup section */
		5EA3EDB0285A2CE100EA76A7 = {
			isa = PBXGroup;
			children = (
				5EA3EDBB285A2CE200EA76A7 /* EcoFocus */,
				5EA3EDD5285A2D7000EA76A7 /* EcoFocusTests */,
				5EA3EDE0285A2D7000EA76A7 /* EcoFocusUITests */,
				5EA3EDBA285A2CE200EA76A7 /* Products */,
			);
			sourceTree = "<group>";
		};
		5EA3EDBA285A2CE200EA76A7 /* Products */ = {
			isa = PBXGroup;
			children = (
				5EA3EDB9285A2CE200EA76A7 /* EcoFocus.app */,
				5EA3EDD2285A2D7000EA76A7 /* EcoFocusTests.xctest */,
				5EA3EDDD285A2D7000EA76A7 /* EcoFocusUITests.xctest */,
			);
			name = Products;
			sourceTree = "<group>";
		};
		5EA3EDBB285A2CE200EA76A7 /* EcoFocus */ = {
			isa = PBXGroup;
			children = (
				5EA3EDBC285A2CE200EA76A7 /* AppDelegate.swift */,
				5EA3EDBE285A2CE200EA76A7 /* SceneDelegate.swift */,
				5EA3EDC2285A2CE200EA76A7 /* Main.storyboard */,
				5EA3EE40285C44B100EA76A7 /* ResourcesViewController.swift */,
				5EA3EE3E285C2E5F00EA76A7 /* TimerViewController.swift */,
				D0FE0291285C111B002612FD /* TableViewController.swift */,
				B05A59DF285B8072006922DD /* viewcontrollers */,
				5EA3EDC8285A2D6D00EA76A7 /* Assets.xcassets */,
				5EA3EDCA285A2D6D00EA76A7 /* LaunchScreen.storyboard */,
				5EA3EDCD285A2D6D00EA76A7 /* Info.plist */,
				5EA3EDC5285A2CE200EA76A7 /* EcoFocus.xcdatamodeld */,
			);
			path = EcoFocus;
			sourceTree = "<group>";
		};
		5EA3EDD5285A2D7000EA76A7 /* EcoFocusTests */ = {
			isa = PBXGroup;
			children = (
				5EA3EDD6285A2D7000EA76A7 /* EcoFocusTests.swift */,
				5EA3EDD8285A2D7000EA76A7 /* Info.plist */,
			);
			path = EcoFocusTests;
			sourceTree = "<group>";
		};
		5EA3EDE0285A2D7000EA76A7 /* EcoFocusUITests */ = {
			isa = PBXGroup;
			children = (
				5EA3EDE1285A2D7000EA76A7 /* EcoFocusUITests.swift */,
				5EA3EDE3285A2D7000EA76A7 /* Info.plist */,
			);
			path = EcoFocusUITests;
			sourceTree = "<group>";
		};
		B05A59DF285B8072006922DD /* viewcontrollers */ = {
			isa = PBXGroup;
			children = (
				5EA3EDC0285A2CE200EA76A7 /* ViewController.swift */,
				B05A59E2285B8265006922DD /* ToDo.swift */,
				B002A72B285CD5FD00743372 /* CompleteToDoViewController.swift */,
				B002A729285CD3DC00743372 /* AddToDoViewController.swift */,
				B05A59E0285B80B4006922DD /* ToDoTableViewController.swift */,
			);
			path = viewcontrollers;
			sourceTree = "<group>";
		};
/* End PBXGroup section */

/* Begin PBXNativeTarget section */
		5EA3EDB8285A2CE200EA76A7 /* EcoFocus */ = {
			isa = PBXNativeTarget;
			buildConfigurationList = 5EA3EDE6285A2D7000EA76A7 /* Build configuration list for PBXNativeTarget "EcoFocus" */;
			buildPhases = (
				5EA3EDB5285A2CE200EA76A7 /* Sources */,
				5EA3EDB6285A2CE200EA76A7 /* Frameworks */,
				5EA3EDB7285A2CE200EA76A7 /* Resources */,
			);
			buildRules = (
			);
			dependencies = (
			);
			name = EcoFocus;
			productName = EcoFocus;
			productReference = 5EA3EDB9285A2CE200EA76A7 /* EcoFocus.app */;
			productType = "com.apple.product-type.application";
		};
		5EA3EDD1285A2D7000EA76A7 /* EcoFocusTests */ = {
			isa = PBXNativeTarget;
			buildConfigurationList = 5EA3EDE9285A2D7000EA76A7 /* Build configuration list for PBXNativeTarget "EcoFocusTests" */;
			buildPhases = (
				5EA3EDCE285A2D7000EA76A7 /* Sources */,
				5EA3EDCF285A2D7000EA76A7 /* Frameworks */,
				5EA3EDD0285A2D7000EA76A7 /* Resources */,
			);
			buildRules = (
			);
			dependencies = (
				5EA3EDD4285A2D7000EA76A7 /* PBXTargetDependency */,
			);
			name = EcoFocusTests;
			productName = EcoFocusTests;
			productReference = 5EA3EDD2285A2D7000EA76A7 /* EcoFocusTests.xctest */;
			productType = "com.apple.product-type.bundle.unit-test";
		};
		5EA3EDDC285A2D7000EA76A7 /* EcoFocusUITests */ = {
			isa = PBXNativeTarget;
			buildConfigurationList = 5EA3EDEC285A2D7000EA76A7 /* Build configuration list for PBXNativeTarget "EcoFocusUITests" */;
			buildPhases = (
				5EA3EDD9285A2D7000EA76A7 /* Sources */,
				5EA3EDDA285A2D7000EA76A7 /* Frameworks */,
				5EA3EDDB285A2D7000EA76A7 /* Resources */,
			);
			buildRules = (
			);
			dependencies = (
				5EA3EDDF285A2D7000EA76A7 /* PBXTargetDependency */,
			);
			name = EcoFocusUITests;
			productName = EcoFocusUITests;
			productReference = 5EA3EDDD285A2D7000EA76A7 /* EcoFocusUITests.xctest */;
			productType = "com.apple.product-type.bundle.ui-testing";
		};
/* End PBXNativeTarget section */

/* Begin PBXProject section */
		5EA3EDB1285A2CE100EA76A7 /* Project object */ = {
			isa = PBXProject;
			attributes = {
				LastSwiftUpdateCheck = 1130;
				LastUpgradeCheck = 1130;
				ORGANIZATIONNAME = Kaneera;
				TargetAttributes = {
					5EA3EDB8285A2CE200EA76A7 = {
						CreatedOnToolsVersion = 11.3.1;
					};
					5EA3EDD1285A2D7000EA76A7 = {
						CreatedOnToolsVersion = 11.3.1;
						TestTargetID = 5EA3EDB8285A2CE200EA76A7;
					};
					5EA3EDDC285A2D7000EA76A7 = {
						CreatedOnToolsVersion = 11.3.1;
						TestTargetID = 5EA3EDB8285A2CE200EA76A7;
					};
				};
			};
			buildConfigurationList = 5EA3EDB4285A2CE100EA76A7 /* Build configuration list for PBXProject "EcoFocus" */;
			compatibilityVersion = "Xcode 9.3";
			developmentRegion = en;
			hasScannedForEncodings = 0;
			knownRegions = (
				en,
				Base,
			);
			mainGroup = 5EA3EDB0285A2CE100EA76A7;
			productRefGroup = 5EA3EDBA285A2CE200EA76A7 /* Products */;
			projectDirPath = "";
			projectRoot = "";
			targets = (
				5EA3EDB8285A2CE200EA76A7 /* EcoFocus */,
				5EA3EDD1285A2D7000EA76A7 /* EcoFocusTests */,
				5EA3EDDC285A2D7000EA76A7 /* EcoFocusUITests */,
			);
		};
/* End PBXProject section */

/* Begin PBXResourcesBuildPhase section */
		5EA3EDB7285A2CE200EA76A7 /* Resources */ = {
			isa = PBXResourcesBuildPhase;
			buildActionMask = 2147483647;
			files = (
				5EA3EDCC285A2D6D00EA76A7 /* LaunchScreen.storyboard in Resources */,
				5EA3EDC9285A2D6D00EA76A7 /* Assets.xcassets in Resources */,
				5EA3EDC4285A2CE200EA76A7 /* Main.storyboard in Resources */,
			);
			runOnlyForDeploymentPostprocessing = 0;
		};
		5EA3EDD0285A2D7000EA76A7 /* Resources */ = {
			isa = PBXResourcesBuildPhase;
			buildActionMask = 2147483647;
			files = (
			);
			runOnlyForDeploymentPostprocessing = 0;
		};
		5EA3EDDB285A2D7000EA76A7 /* Resources */ = {
			isa = PBXResourcesBuildPhase;
			buildActionMask = 2147483647;
			files = (
			);
			runOnlyForDeploymentPostprocessing = 0;
		};
/* End PBXResourcesBuildPhase section */

/* Begin PBXSourcesBuildPhase section */
		5EA3EDB5285A2CE200EA76A7 /* Sources */ = {
			isa = PBXSourcesBuildPhase;
			buildActionMask = 2147483647;
			files = (
				5EA3EDC7285A2CE200EA76A7 /* EcoFocus.xcdatamodeld in Sources */,
				D0FE0292285C111D002612FD /* TableViewController.swift in Sources */,
				B002A72A285CD3DC00743372 /* AddToDoViewController.swift in Sources */,
				5EA3EDC1285A2CE200EA76A7 /* ViewController.swift in Sources */,
				B002A72C285CD5FD00743372 /* CompleteToDoViewController.swift in Sources */,
				5EA3EDBD285A2CE200EA76A7 /* AppDelegate.swift in Sources */,
				5EA3EE3F285C2E6000EA76A7 /* TimerViewController.swift in Sources */,
				B05A59E3285B8265006922DD /* ToDo.swift in Sources */,
				5EA3EE41285C44B200EA76A7 /* ResourcesViewController.swift in Sources */,
				5EA3EDBF285A2CE200EA76A7 /* SceneDelegate.swift in Sources */,
				B05A59E1285B80B4006922DD /* ToDoTableViewController.swift in Sources */,
			);
			runOnlyForDeploymentPostprocessing = 0;
		};
		5EA3EDCE285A2D7000EA76A7 /* Sources */ = {
			isa = PBXSourcesBuildPhase;
			buildActionMask = 2147483647;
			files = (
				5EA3EDD7285A2D7000EA76A7 /* EcoFocusTests.swift in Sources */,
			);
			runOnlyForDeploymentPostprocessing = 0;
		};
		5EA3EDD9285A2D7000EA76A7 /* Sources */ = {
			isa = PBXSourcesBuildPhase;
			buildActionMask = 2147483647;
			files = (
				5EA3EDE2285A2D7000EA76A7 /* EcoFocusUITests.swift in Sources */,
			);
			runOnlyForDeploymentPostprocessing = 0;
		};
/* End PBXSourcesBuildPhase section */

/* Begin PBXTargetDependency section */
		5EA3EDD4285A2D7000EA76A7 /* PBXTargetDependency */ = {
			isa = PBXTargetDependency;
			target = 5EA3EDB8285A2CE200EA76A7 /* EcoFocus */;
			targetProxy = 5EA3EDD3285A2D7000EA76A7 /* PBXContainerItemProxy */;
		};
		5EA3EDDF285A2D7000EA76A7 /* PBXTargetDependency */ = {
			isa = PBXTargetDependency;
			target = 5EA3EDB8285A2CE200EA76A7 /* EcoFocus */;
			targetProxy = 5EA3EDDE285A2D7000EA76A7 /* PBXContainerItemProxy */;
		};
/* End PBXTargetDependency section */

/* Begin PBXVariantGroup section */
		5EA3EDC2285A2CE200EA76A7 /* Main.storyboard */ = {
			isa = PBXVariantGroup;
			children = (
				5EA3EDC3285A2CE200EA76A7 /* Base */,
			);
			name = Main.storyboard;
			sourceTree = "<group>";
		};
		5EA3EDCA285A2D6D00EA76A7 /* LaunchScreen.storyboard */ = {
			isa = PBXVariantGroup;
			children = (
				5EA3EDCB285A2D6D00EA76A7 /* Base */,
			);
			name = LaunchScreen.storyboard;
			sourceTree = "<group>";
		};
/* End PBXVariantGroup section */

/* Begin XCBuildConfiguration section */
		5EA3EDE4285A2D7000EA76A7 /* Debug */ = {
			isa = XCBuildConfiguration;
			buildSettings = {
				ALWAYS_SEARCH_USER_PATHS = NO;
				CLANG_ANALYZER_NONNULL = YES;
				CLANG_ANALYZER_NUMBER_OBJECT_CONVERSION = YES_AGGRESSIVE;
				CLANG_CXX_LANGUAGE_STANDARD = "gnu++14";
				CLANG_CXX_LIBRARY = "libc++";
				CLANG_ENABLE_MODULES = YES;
				CLANG_ENABLE_OBJC_ARC = YES;
				CLANG_ENABLE_OBJC_WEAK = YES;
				CLANG_WARN_BLOCK_CAPTURE_AUTORELEASING = YES;
				CLANG_WARN_BOOL_CONVERSION = YES;
				CLANG_WARN_COMMA = YES;
				CLANG_WARN_CONSTANT_CONVERSION = YES;
				CLANG_WARN_DEPRECATED_OBJC_IMPLEMENTATIONS = YES;
				CLANG_WARN_DIRECT_OBJC_ISA_USAGE = YES_ERROR;
				CLANG_WARN_DOCUMENTATION_COMMENTS = YES;
				CLANG_WARN_EMPTY_BODY = YES;
				CLANG_WARN_ENUM_CONVERSION = YES;
				CLANG_WARN_INFINITE_RECURSION = YES;
				CLANG_WARN_INT_CONVERSION = YES;
				CLANG_WARN_NON_LITERAL_NULL_CONVERSION = YES;
				CLANG_WARN_OBJC_IMPLICIT_RETAIN_SELF = YES;
				CLANG_WARN_OBJC_LITERAL_CONVERSION = YES;
				CLANG_WARN_OBJC_ROOT_CLASS = YES_ERROR;
				CLANG_WARN_RANGE_LOOP_ANALYSIS = YES;
				CLANG_WARN_STRICT_PROTOTYPES = YES;
				CLANG_WARN_SUSPICIOUS_MOVE = YES;
				CLANG_WARN_UNGUARDED_AVAILABILITY = YES_AGGRESSIVE;
				CLANG_WARN_UNREACHABLE_CODE = YES;
				CLANG_WARN__DUPLICATE_METHOD_MATCH = YES;
				COPY_PHASE_STRIP = NO;
				DEBUG_INFORMATION_FORMAT = dwarf;
				ENABLE_STRICT_OBJC_MSGSEND = YES;
				ENABLE_TESTABILITY = YES;
				GCC_C_LANGUAGE_STANDARD = gnu11;
				GCC_DYNAMIC_NO_PIC = NO;
				GCC_NO_COMMON_BLOCKS = YES;
				GCC_OPTIMIZATION_LEVEL = 0;
				GCC_PREPROCESSOR_DEFINITIONS = (
					"DEBUG=1",
					"$(inherited)",
				);
				GCC_WARN_64_TO_32_BIT_CONVERSION = YES;
				GCC_WARN_ABOUT_RETURN_TYPE = YES_ERROR;
				GCC_WARN_UNDECLARED_SELECTOR = YES;
				GCC_WARN_UNINITIALIZED_AUTOS = YES_AGGRESSIVE;
				GCC_WARN_UNUSED_FUNCTION = YES;
				GCC_WARN_UNUSED_VARIABLE = YES;
				IPHONEOS_DEPLOYMENT_TARGET = 13.2;
				MTL_ENABLE_DEBUG_INFO = INCLUDE_SOURCE;
				MTL_FAST_MATH = YES;
				ONLY_ACTIVE_ARCH = YES;
				SDKROOT = iphoneos;
				SWIFT_ACTIVE_COMPILATION_CONDITIONS = DEBUG;
				SWIFT_OPTIMIZATION_LEVEL = "-Onone";
			};
			name = Debug;
		};
		5EA3EDE5285A2D7000EA76A7 /* Release */ = {
			isa = XCBuildConfiguration;
			buildSettings = {
				ALWAYS_SEARCH_USER_PATHS = NO;
				CLANG_ANALYZER_NONNULL = YES;
				CLANG_ANALYZER_NUMBER_OBJECT_CONVERSION = YES_AGGRESSIVE;
				CLANG_CXX_LANGUAGE_STANDARD = "gnu++14";
				CLANG_CXX_LIBRARY = "libc++";
				CLANG_ENABLE_MODULES = YES;
				CLANG_ENABLE_OBJC_ARC = YES;
				CLANG_ENABLE_OBJC_WEAK = YES;
				CLANG_WARN_BLOCK_CAPTURE_AUTORELEASING = YES;
				CLANG_WARN_BOOL_CONVERSION = YES;
				CLANG_WARN_COMMA = YES;
				CLANG_WARN_CONSTANT_CONVERSION = YES;
				CLANG_WARN_DEPRECATED_OBJC_IMPLEMENTATIONS = YES;
				CLANG_WARN_DIRECT_OBJC_ISA_USAGE = YES_ERROR;
				CLANG_WARN_DOCUMENTATION_COMMENTS = YES;
				CLANG_WARN_EMPTY_BODY = YES;
				CLANG_WARN_ENUM_CONVERSION = YES;
				CLANG_WARN_INFINITE_RECURSION = YES;
				CLANG_WARN_INT_CONVERSION = YES;
				CLANG_WARN_NON_LITERAL_NULL_CONVERSION = YES;
				CLANG_WARN_OBJC_IMPLICIT_RETAIN_SELF = YES;
				CLANG_WARN_OBJC_LITERAL_CONVERSION = YES;
				CLANG_WARN_OBJC_ROOT_CLASS = YES_ERROR;
				CLANG_WARN_RANGE_LOOP_ANALYSIS = YES;
				CLANG_WARN_STRICT_PROTOTYPES = YES;
				CLANG_WARN_SUSPICIOUS_MOVE = YES;
				CLANG_WARN_UNGUARDED_AVAILABILITY = YES_AGGRESSIVE;
				CLANG_WARN_UNREACHABLE_CODE = YES;
				CLANG_WARN__DUPLICATE_METHOD_MATCH = YES;
				COPY_PHASE_STRIP = NO;
				DEBUG_INFORMATION_FORMAT = "dwarf-with-dsym";
				ENABLE_NS_ASSERTIONS = NO;
				ENABLE_STRICT_OBJC_MSGSEND = YES;
				GCC_C_LANGUAGE_STANDARD = gnu11;
				GCC_NO_COMMON_BLOCKS = YES;
				GCC_WARN_64_TO_32_BIT_CONVERSION = YES;
				GCC_WARN_ABOUT_RETURN_TYPE = YES_ERROR;
				GCC_WARN_UNDECLARED_SELECTOR = YES;
				GCC_WARN_UNINITIALIZED_AUTOS = YES_AGGRESSIVE;
				GCC_WARN_UNUSED_FUNCTION = YES;
				GCC_WARN_UNUSED_VARIABLE = YES;
				IPHONEOS_DEPLOYMENT_TARGET = 13.2;
				MTL_ENABLE_DEBUG_INFO = NO;
				MTL_FAST_MATH = YES;
				SDKROOT = iphoneos;
				SWIFT_COMPILATION_MODE = wholemodule;
				SWIFT_OPTIMIZATION_LEVEL = "-O";
				VALIDATE_PRODUCT = YES;
			};
			name = Release;
		};
		5EA3EDE7285A2D7000EA76A7 /* Debug */ = {
			isa = XCBuildConfiguration;
			buildSettings = {
				ASSETCATALOG_COMPILER_APPICON_NAME = AppIcon;
				CODE_SIGN_STYLE = Automatic;
				INFOPLIST_FILE = EcoFocus/Info.plist;
				LD_RUNPATH_SEARCH_PATHS = (
					"$(inherited)",
					"@executable_path/Frameworks",
				);
				PRODUCT_BUNDLE_IDENTIFIER = k.EcoFocus;
				PRODUCT_NAME = "$(TARGET_NAME)";
				SWIFT_VERSION = 5.0;
				TARGETED_DEVICE_FAMILY = "1,2";
			};
			name = Debug;
		};
		5EA3EDE8285A2D7000EA76A7 /* Release */ = {
			isa = XCBuildConfiguration;
			buildSettings = {
				ASSETCATALOG_COMPILER_APPICON_NAME = AppIcon;
				CODE_SIGN_STYLE = Automatic;
				INFOPLIST_FILE = EcoFocus/Info.plist;
				LD_RUNPATH_SEARCH_PATHS = (
					"$(inherited)",
					"@executable_path/Frameworks",
				);
				PRODUCT_BUNDLE_IDENTIFIER = k.EcoFocus;
				PRODUCT_NAME = "$(TARGET_NAME)";
				SWIFT_VERSION = 5.0;
				TARGETED_DEVICE_FAMILY = "1,2";
			};
			name = Release;
		};
		5EA3EDEA285A2D7000EA76A7 /* Debug */ = {
			isa = XCBuildConfiguration;
			buildSettings = {
				ALWAYS_EMBED_SWIFT_STANDARD_LIBRARIES = YES;
				BUNDLE_LOADER = "$(TEST_HOST)";
				CODE_SIGN_STYLE = Automatic;
				INFOPLIST_FILE = EcoFocusTests/Info.plist;
				IPHONEOS_DEPLOYMENT_TARGET = 13.2;
				LD_RUNPATH_SEARCH_PATHS = (
					"$(inherited)",
					"@executable_path/Frameworks",
					"@loader_path/Frameworks",
				);
				PRODUCT_BUNDLE_IDENTIFIER = k.EcoFocusTests;
				PRODUCT_NAME = "$(TARGET_NAME)";
				SWIFT_VERSION = 5.0;
				TARGETED_DEVICE_FAMILY = "1,2";
				TEST_HOST = "$(BUILT_PRODUCTS_DIR)/EcoFocus.app/EcoFocus";
			};
			name = Debug;
		};
		5EA3EDEB285A2D7000EA76A7 /* Release */ = {
			isa = XCBuildConfiguration;
			buildSettings = {
				ALWAYS_EMBED_SWIFT_STANDARD_LIBRARIES = YES;
				BUNDLE_LOADER = "$(TEST_HOST)";
				CODE_SIGN_STYLE = Automatic;
				INFOPLIST_FILE = EcoFocusTests/Info.plist;
				IPHONEOS_DEPLOYMENT_TARGET = 13.2;
				LD_RUNPATH_SEARCH_PATHS = (
					"$(inherited)",
					"@executable_path/Frameworks",
					"@loader_path/Frameworks",
				);
				PRODUCT_BUNDLE_IDENTIFIER = k.EcoFocusTests;
				PRODUCT_NAME = "$(TARGET_NAME)";
				SWIFT_VERSION = 5.0;
				TARGETED_DEVICE_FAMILY = "1,2";
				TEST_HOST = "$(BUILT_PRODUCTS_DIR)/EcoFocus.app/EcoFocus";
			};
			name = Release;
		};
		5EA3EDED285A2D7000EA76A7 /* Debug */ = {
			isa = XCBuildConfiguration;
			buildSettings = {
				ALWAYS_EMBED_SWIFT_STANDARD_LIBRARIES = YES;
				CODE_SIGN_STYLE = Automatic;
				INFOPLIST_FILE = EcoFocusUITests/Info.plist;
				LD_RUNPATH_SEARCH_PATHS = (
					"$(inherited)",
					"@executable_path/Frameworks",
					"@loader_path/Frameworks",
				);
				PRODUCT_BUNDLE_IDENTIFIER = k.EcoFocusUITests;
				PRODUCT_NAME = "$(TARGET_NAME)";
				SWIFT_VERSION = 5.0;
				TARGETED_DEVICE_FAMILY = "1,2";
				TEST_TARGET_NAME = EcoFocus;
			};
			name = Debug;
		};
		5EA3EDEE285A2D7000EA76A7 /* Release */ = {
			isa = XCBuildConfiguration;
			buildSettings = {
				ALWAYS_EMBED_SWIFT_STANDARD_LIBRARIES = YES;
				CODE_SIGN_STYLE = Automatic;
				INFOPLIST_FILE = EcoFocusUITests/Info.plist;
				LD_RUNPATH_SEARCH_PATHS = (
					"$(inherited)",
					"@executable_path/Frameworks",
					"@loader_path/Frameworks",
				);
				PRODUCT_BUNDLE_IDENTIFIER = k.EcoFocusUITests;
				PRODUCT_NAME = "$(TARGET_NAME)";
				SWIFT_VERSION = 5.0;
				TARGETED_DEVICE_FAMILY = "1,2";
				TEST_TARGET_NAME = EcoFocus;
			};
			name = Release;
		};
/* End XCBuildConfiguration section */

/* Begin XCConfigurationList section */
		5EA3EDB4285A2CE100EA76A7 /* Build configuration list for PBXProject "EcoFocus" */ = {
			isa = XCConfigurationList;
			buildConfigurations = (
				5EA3EDE4285A2D7000EA76A7 /* Debug */,
				5EA3EDE5285A2D7000EA76A7 /* Release */,
			);
			defaultConfigurationIsVisible = 0;
			defaultConfigurationName = Release;
		};
		5EA3EDE6285A2D7000EA76A7 /* Build configuration list for PBXNativeTarget "EcoFocus" */ = {
			isa = XCConfigurationList;
			buildConfigurations = (
				5EA3EDE7285A2D7000EA76A7 /* Debug */,
				5EA3EDE8285A2D7000EA76A7 /* Release */,
			);
			defaultConfigurationIsVisible = 0;
			defaultConfigurationName = Release;
		};
		5EA3EDE9285A2D7000EA76A7 /* Build configuration list for PBXNativeTarget "EcoFocusTests" */ = {
			isa = XCConfigurationList;
			buildConfigurations = (
				5EA3EDEA285A2D7000EA76A7 /* Debug */,
				5EA3EDEB285A2D7000EA76A7 /* Release */,
			);
			defaultConfigurationIsVisible = 0;
			defaultConfigurationName = Release;
		};
		5EA3EDEC285A2D7000EA76A7 /* Build configuration list for PBXNativeTarget "EcoFocusUITests" */ = {
			isa = XCConfigurationList;
			buildConfigurations = (
				5EA3EDED285A2D7000EA76A7 /* Debug */,
				5EA3EDEE285A2D7000EA76A7 /* Release */,
			);
			defaultConfigurationIsVisible = 0;
			defaultConfigurationName = Release;
		};
/* End XCConfigurationList section */

/* Begin XCVersionGroup section */
		5EA3EDC5285A2CE200EA76A7 /* EcoFocus.xcdatamodeld */ = {
			isa = XCVersionGroup;
			children = (
				5EA3EDC6285A2CE200EA76A7 /* EcoFocus.xcdatamodel */,
			);
			currentVersion = 5EA3EDC6285A2CE200EA76A7 /* EcoFocus.xcdatamodel */;
			path = EcoFocus.xcdatamodeld;
			sourceTree = "<group>";
			versionGroupType = wrapper.xcdatamodel;
		};
/* End XCVersionGroup section */
	};
	rootObject = 5EA3EDB1285A2CE100EA76A7 /* Project object */;
}
